
Microsoft Visual Studio Solution File, Format Version 12.00
# Visual Studio Version 17
VisualStudioVersion = 17.2.32505.173
MinimumVisualStudioVersion = 10.0.40219.1
Project("{2150E333-8FDC-42A3-9474-1A3956D46DE8}") = "Website", "Website", "{15330E6D-2229-4C04-AFDB-BAA8A4D41410}"
EndProject
Project("{9A19103F-16F7-4668-BE54-9A1E7A4F7556}") = "RandomBooks.Website", "RandomBooks.Website\RandomBooks.Website.csproj", "{F7AEE412-2CD5-47A9-B2E1-6E6D60F137AE}"
EndProject
Project("{2150E333-8FDC-42A3-9474-1A3956D46DE8}") = "API + Data", "API + Data", "{4DA286C9-104A-42D4-8B49-08E5D292DBCC}"
EndProject
Project("{9A19103F-16F7-4668-BE54-9A1E7A4F7556}") = "RandomBooks.API", "RandomBooks.API\RandomBooks.API.csproj", "{262188B9-8CE8-4336-9506-F44789D8608F}"
EndProject
Project("{9A19103F-16F7-4668-BE54-9A1E7A4F7556}") = "RandomBooks.Data", "RandomBooks.Data\RandomBooks.Data.csproj", "{85596E72-63E0-4BFE-8A18-244840B7D971}"
EndProject
Project("{9A19103F-16F7-4668-BE54-9A1E7A4F7556}") = "RandomBooks.Website.Logic", "RandomBooks.Website.Logic\RandomBooks.Website.Logic.csproj", "{F2474EE4-016A-4B9E-B9C0-2F6EEDF15AE1}"
EndProject
Project("{2150E333-8FDC-42A3-9474-1A3956D46DE8}") = "Shared", "Shared", "{7B6D454D-60B1-4062-82D5-2BA8FD0F6B6F}"
EndProject
Project("{9A19103F-16F7-4668-BE54-9A1E7A4F7556}") = "RandomBooks.Shared", "RandomBooks.Shared\RandomBooks.Shared.csproj", "{656C9CF7-B633-4856-B4CC-9B138B5FD50E}"
EndProject
Project("{2150E333-8FDC-42A3-9474-1A3956D46DE8}") = "Warehouse", "Warehouse", "{835D7783-207E-4DAF-B9EA-FF5D0330E9B0}"
EndProject
Project("{FAE04EC0-301F-11D3-BF4B-00C04F79EFBC}") = "Warehouse.Orders", "Warehouse.Orders\Warehouse.Orders.csproj", "{4F4600A8-B7EA-40D3-9A31-9B753B304DF7}"
EndProject
Project("{2150E333-8FDC-42A3-9474-1A3956D46DE8}") = "Mobile", "Mobile", "{39748D28-DBE3-4C15-9740-1E61D47A30C7}"
EndProject
Project("{FAE04EC0-301F-11D3-BF4B-00C04F79EFBC}") = "Warehouse.Mobile.Android", "Warehouse.Mobile\Warehouse.Mobile.Android\Warehouse.Mobile.Android.csproj", "{DC151CD5-2075-4C8D-92D6-69FE79B9807C}"
EndProject
Project("{FAE04EC0-301F-11D3-BF4B-00C04F79EFBC}") = "Warehouse.Mobile.iOS", "Warehouse.Mobile\Warehouse.Mobile.iOS\Warehouse.Mobile.iOS.csproj", "{943A3D79-7332-43BB-9DD5-73AEFEDCC8C6}"
EndProject
Project("{FAE04EC0-301F-11D3-BF4B-00C04F79EFBC}") = "Warehouse.Mobile", "Warehouse.Mobile\Warehouse.Mobile\Warehouse.Mobile.csproj", "{4FCB5779-DBFC-4D57-A045-C3C6B810D093}"
EndProject
Project("{2150E333-8FDC-42A3-9474-1A3956D46DE8}") = "Couriers", "Couriers", "{14A3AF9D-1CBD-4484-AE87-D45D7D813194}"
EndProject
Project("{FAE04EC0-301F-11D3-BF4B-00C04F79EFBC}") = "Couriers.Mobile.Android", "Couriers.Mobile\Couriers.Mobile.Android\Couriers.Mobile.Android.csproj", "{C00D166E-E5C6-43BE-BEE1-DE22DFD3992A}"
EndProject
Project("{FAE04EC0-301F-11D3-BF4B-00C04F79EFBC}") = "Couriers.Mobile.iOS", "Couriers.Mobile\Couriers.Mobile.iOS\Couriers.Mobile.iOS.csproj", "{530F180F-F0E4-4FC9-8D08-7BF77E0B6B5C}"
EndProject
Project("{FAE04EC0-301F-11D3-BF4B-00C04F79EFBC}") = "Couriers.Mobile", "Couriers.Mobile\Couriers.Mobile\Couriers.Mobile.csproj", "{96E9EEE3-B94F-4CA6-A80E-CB76650F4D10}"
EndProject
Global
	GlobalSection(SolutionConfigurationPlatforms) = preSolution
		Debug|Any CPU = Debug|Any CPU
		Debug|iPhone = Debug|iPhone
		Debug|iPhoneSimulator = Debug|iPhoneSimulator
		Release|Any CPU = Release|Any CPU
		Release|iPhone = Release|iPhone
		Release|iPhoneSimulator = Release|iPhoneSimulator
	EndGlobalSection
	GlobalSection(ProjectConfigurationPlatforms) = postSolution
		{F7AEE412-2CD5-47A9-B2E1-6E6D60F137AE}.Debug|Any CPU.ActiveCfg = Debug|Any CPU
		{F7AEE412-2CD5-47A9-B2E1-6E6D60F137AE}.Debug|Any CPU.Build.0 = Debug|Any CPU
		{F7AEE412-2CD5-47A9-B2E1-6E6D60F137AE}.Debug|iPhone.ActiveCfg = Debug|Any CPU
		{F7AEE412-2CD5-47A9-B2E1-6E6D60F137AE}.Debug|iPhone.Build.0 = Debug|Any CPU
		{F7AEE412-2CD5-47A9-B2E1-6E6D60F137AE}.Debug|iPhoneSimulator.ActiveCfg = Debug|Any CPU
		{F7AEE412-2CD5-47A9-B2E1-6E6D60F137AE}.Debug|iPhoneSimulator.Build.0 = Debug|Any CPU
		{F7AEE412-2CD5-47A9-B2E1-6E6D60F137AE}.Release|Any CPU.ActiveCfg = Release|Any CPU
		{F7AEE412-2CD5-47A9-B2E1-6E6D60F137AE}.Release|Any CPU.Build.0 = Release|Any CPU
		{F7AEE412-2CD5-47A9-B2E1-6E6D60F137AE}.Release|iPhone.ActiveCfg = Release|Any CPU
		{F7AEE412-2CD5-47A9-B2E1-6E6D60F137AE}.Release|iPhone.Build.0 = Release|Any CPU
		{F7AEE412-2CD5-47A9-B2E1-6E6D60F137AE}.Release|iPhoneSimulator.ActiveCfg = Release|Any CPU
		{F7AEE412-2CD5-47A9-B2E1-6E6D60F137AE}.Release|iPhoneSimulator.Build.0 = Release|Any CPU
		{262188B9-8CE8-4336-9506-F44789D8608F}.Debug|Any CPU.ActiveCfg = Debug|Any CPU
		{262188B9-8CE8-4336-9506-F44789D8608F}.Debug|Any CPU.Build.0 = Debug|Any CPU
		{262188B9-8CE8-4336-9506-F44789D8608F}.Debug|iPhone.ActiveCfg = Debug|Any CPU
		{262188B9-8CE8-4336-9506-F44789D8608F}.Debug|iPhone.Build.0 = Debug|Any CPU
		{262188B9-8CE8-4336-9506-F44789D8608F}.Debug|iPhoneSimulator.ActiveCfg = Debug|Any CPU
		{262188B9-8CE8-4336-9506-F44789D8608F}.Debug|iPhoneSimulator.Build.0 = Debug|Any CPU
		{262188B9-8CE8-4336-9506-F44789D8608F}.Release|Any CPU.ActiveCfg = Release|Any CPU
		{262188B9-8CE8-4336-9506-F44789D8608F}.Release|Any CPU.Build.0 = Release|Any CPU
		{262188B9-8CE8-4336-9506-F44789D8608F}.Release|iPhone.ActiveCfg = Release|Any CPU
		{262188B9-8CE8-4336-9506-F44789D8608F}.Release|iPhone.Build.0 = Release|Any CPU
		{262188B9-8CE8-4336-9506-F44789D8608F}.Release|iPhoneSimulator.ActiveCfg = Release|Any CPU
		{262188B9-8CE8-4336-9506-F44789D8608F}.Release|iPhoneSimulator.Build.0 = Release|Any CPU
		{85596E72-63E0-4BFE-8A18-244840B7D971}.Debug|Any CPU.ActiveCfg = Debug|Any CPU
		{85596E72-63E0-4BFE-8A18-244840B7D971}.Debug|Any CPU.Build.0 = Debug|Any CPU
		{85596E72-63E0-4BFE-8A18-244840B7D971}.Debug|iPhone.ActiveCfg = Debug|Any CPU
		{85596E72-63E0-4BFE-8A18-244840B7D971}.Debug|iPhone.Build.0 = Debug|Any CPU
		{85596E72-63E0-4BFE-8A18-244840B7D971}.Debug|iPhoneSimulator.ActiveCfg = Debug|Any CPU
		{85596E72-63E0-4BFE-8A18-244840B7D971}.Debug|iPhoneSimulator.Build.0 = Debug|Any CPU
		{85596E72-63E0-4BFE-8A18-244840B7D971}.Release|Any CPU.ActiveCfg = Release|Any CPU
		{85596E72-63E0-4BFE-8A18-244840B7D971}.Release|Any CPU.Build.0 = Release|Any CPU
		{85596E72-63E0-4BFE-8A18-244840B7D971}.Release|iPhone.ActiveCfg = Release|Any CPU
		{85596E72-63E0-4BFE-8A18-244840B7D971}.Release|iPhone.Build.0 = Release|Any CPU
		{85596E72-63E0-4BFE-8A18-244840B7D971}.Release|iPhoneSimulator.ActiveCfg = Release|Any CPU
		{85596E72-63E0-4BFE-8A18-244840B7D971}.Release|iPhoneSimulator.Build.0 = Release|Any CPU
		{F2474EE4-016A-4B9E-B9C0-2F6EEDF15AE1}.Debug|Any CPU.ActiveCfg = Debug|Any CPU
		{F2474EE4-016A-4B9E-B9C0-2F6EEDF15AE1}.Debug|Any CPU.Build.0 = Debug|Any CPU
		{F2474EE4-016A-4B9E-B9C0-2F6EEDF15AE1}.Debug|iPhone.ActiveCfg = Debug|Any CPU
		{F2474EE4-016A-4B9E-B9C0-2F6EEDF15AE1}.Debug|iPhone.Build.0 = Debug|Any CPU
		{F2474EE4-016A-4B9E-B9C0-2F6EEDF15AE1}.Debug|iPhoneSimulator.ActiveCfg = Debug|Any CPU
		{F2474EE4-016A-4B9E-B9C0-2F6EEDF15AE1}.Debug|iPhoneSimulator.Build.0 = Debug|Any CPU
		{F2474EE4-016A-4B9E-B9C0-2F6EEDF15AE1}.Release|Any CPU.ActiveCfg = Release|Any CPU
		{F2474EE4-016A-4B9E-B9C0-2F6EEDF15AE1}.Release|Any CPU.Build.0 = Release|Any CPU
		{F2474EE4-016A-4B9E-B9C0-2F6EEDF15AE1}.Release|iPhone.ActiveCfg = Release|Any CPU
		{F2474EE4-016A-4B9E-B9C0-2F6EEDF15AE1}.Release|iPhone.Build.0 = Release|Any CPU
		{F2474EE4-016A-4B9E-B9C0-2F6EEDF15AE1}.Release|iPhoneSimulator.ActiveCfg = Release|Any CPU
		{F2474EE4-016A-4B9E-B9C0-2F6EEDF15AE1}.Release|iPhoneSimulator.Build.0 = Release|Any CPU
		{656C9CF7-B633-4856-B4CC-9B138B5FD50E}.Debug|Any CPU.ActiveCfg = Debug|Any CPU
		{656C9CF7-B633-4856-B4CC-9B138B5FD50E}.Debug|Any CPU.Build.0 = Debug|Any CPU
		{656C9CF7-B633-4856-B4CC-9B138B5FD50E}.Debug|iPhone.ActiveCfg = Debug|Any CPU
		{656C9CF7-B633-4856-B4CC-9B138B5FD50E}.Debug|iPhone.Build.0 = Debug|Any CPU
		{656C9CF7-B633-4856-B4CC-9B138B5FD50E}.Debug|iPhoneSimulator.ActiveCfg = Debug|Any CPU
		{656C9CF7-B633-4856-B4CC-9B138B5FD50E}.Debug|iPhoneSimulator.Build.0 = Debug|Any CPU
		{656C9CF7-B633-4856-B4CC-9B138B5FD50E}.Release|Any CPU.ActiveCfg = Release|Any CPU
		{656C9CF7-B633-4856-B4CC-9B138B5FD50E}.Release|Any CPU.Build.0 = Release|Any CPU
		{656C9CF7-B633-4856-B4CC-9B138B5FD50E}.Release|iPhone.ActiveCfg = Release|Any CPU
		{656C9CF7-B633-4856-B4CC-9B138B5FD50E}.Release|iPhone.Build.0 = Release|Any CPU
		{656C9CF7-B633-4856-B4CC-9B138B5FD50E}.Release|iPhoneSimulator.ActiveCfg = Release|Any CPU
		{656C9CF7-B633-4856-B4CC-9B138B5FD50E}.Release|iPhoneSimulator.Build.0 = Release|Any CPU
		{4F4600A8-B7EA-40D3-9A31-9B753B304DF7}.Debug|Any CPU.ActiveCfg = Debug|Any CPU
		{4F4600A8-B7EA-40D3-9A31-9B753B304DF7}.Debug|Any CPU.Build.0 = Debug|Any CPU
		{4F4600A8-B7EA-40D3-9A31-9B753B304DF7}.Debug|iPhone.ActiveCfg = Debug|Any CPU
		{4F4600A8-B7EA-40D3-9A31-9B753B304DF7}.Debug|iPhone.Build.0 = Debug|Any CPU
		{4F4600A8-B7EA-40D3-9A31-9B753B304DF7}.Debug|iPhoneSimulator.ActiveCfg = Debug|Any CPU
		{4F4600A8-B7EA-40D3-9A31-9B753B304DF7}.Debug|iPhoneSimulator.Build.0 = Debug|Any CPU
		{4F4600A8-B7EA-40D3-9A31-9B753B304DF7}.Release|Any CPU.ActiveCfg = Release|Any CPU
		{4F4600A8-B7EA-40D3-9A31-9B753B304DF7}.Release|Any CPU.Build.0 = Release|Any CPU
		{4F4600A8-B7EA-40D3-9A31-9B753B304DF7}.Release|iPhone.ActiveCfg = Release|Any CPU
		{4F4600A8-B7EA-40D3-9A31-9B753B304DF7}.Release|iPhone.Build.0 = Release|Any CPU
		{4F4600A8-B7EA-40D3-9A31-9B753B304DF7}.Release|iPhoneSimulator.ActiveCfg = Release|Any CPU
		{4F4600A8-B7EA-40D3-9A31-9B753B304DF7}.Release|iPhoneSimulator.Build.0 = Release|Any CPU
		{DC151CD5-2075-4C8D-92D6-69FE79B9807C}.Debug|Any CPU.ActiveCfg = Debug|Any CPU
		{DC151CD5-2075-4C8D-92D6-69FE79B9807C}.Debug|Any CPU.Build.0 = Debug|Any CPU
		{DC151CD5-2075-4C8D-92D6-69FE79B9807C}.Debug|Any CPU.Deploy.0 = Debug|Any CPU
		{DC151CD5-2075-4C8D-92D6-69FE79B9807C}.Debug|iPhone.ActiveCfg = Debug|Any CPU
		{DC151CD5-2075-4C8D-92D6-69FE79B9807C}.Debug|iPhone.Build.0 = Debug|Any CPU
		{DC151CD5-2075-4C8D-92D6-69FE79B9807C}.Debug|iPhone.Deploy.0 = Debug|Any CPU
		{DC151CD5-2075-4C8D-92D6-69FE79B9807C}.Debug|iPhoneSimulator.ActiveCfg = Debug|Any CPU
		{DC151CD5-2075-4C8D-92D6-69FE79B9807C}.Debug|iPhoneSimulator.Build.0 = Debug|Any CPU
		{DC151CD5-2075-4C8D-92D6-69FE79B9807C}.Debug|iPhoneSimulator.Deploy.0 = Debug|Any CPU
		{DC151CD5-2075-4C8D-92D6-69FE79B9807C}.Release|Any CPU.ActiveCfg = Release|Any CPU
		{DC151CD5-2075-4C8D-92D6-69FE79B9807C}.Release|Any CPU.Build.0 = Release|Any CPU
		{DC151CD5-2075-4C8D-92D6-69FE79B9807C}.Release|Any CPU.Deploy.0 = Release|Any CPU
		{DC151CD5-2075-4C8D-92D6-69FE79B9807C}.Release|iPhone.ActiveCfg = Release|Any CPU
		{DC151CD5-2075-4C8D-92D6-69FE79B9807C}.Release|iPhone.Build.0 = Release|Any CPU
		{DC151CD5-2075-4C8D-92D6-69FE79B9807C}.Release|iPhone.Deploy.0 = Release|Any CPU
		{DC151CD5-2075-4C8D-92D6-69FE79B9807C}.Release|iPhoneSimulator.ActiveCfg = Release|Any CPU
		{DC151CD5-2075-4C8D-92D6-69FE79B9807C}.Release|iPhoneSimulator.Build.0 = Release|Any CPU
		{DC151CD5-2075-4C8D-92D6-69FE79B9807C}.Release|iPhoneSimulator.Deploy.0 = Release|Any CPU
		{943A3D79-7332-43BB-9DD5-73AEFEDCC8C6}.Debug|Any CPU.ActiveCfg = Debug|iPhoneSimulator
		{943A3D79-7332-43BB-9DD5-73AEFEDCC8C6}.Debug|Any CPU.Build.0 = Debug|iPhoneSimulator
		{943A3D79-7332-43BB-9DD5-73AEFEDCC8C6}.Debug|iPhone.ActiveCfg = Debug|iPhone
		{943A3D79-7332-43BB-9DD5-73AEFEDCC8C6}.Debug|iPhone.Build.0 = Debug|iPhone
		{943A3D79-7332-43BB-9DD5-73AEFEDCC8C6}.Debug|iPhoneSimulator.ActiveCfg = Debug|iPhoneSimulator
		{943A3D79-7332-43BB-9DD5-73AEFEDCC8C6}.Debug|iPhoneSimulator.Build.0 = Debug|iPhoneSimulator
		{943A3D79-7332-43BB-9DD5-73AEFEDCC8C6}.Release|Any CPU.ActiveCfg = Release|iPhoneSimulator
		{943A3D79-7332-43BB-9DD5-73AEFEDCC8C6}.Release|Any CPU.Build.0 = Release|iPhoneSimulator
		{943A3D79-7332-43BB-9DD5-73AEFEDCC8C6}.Release|iPhone.ActiveCfg = Release|iPhone
		{943A3D79-7332-43BB-9DD5-73AEFEDCC8C6}.Release|iPhone.Build.0 = Release|iPhone
		{943A3D79-7332-43BB-9DD5-73AEFEDCC8C6}.Release|iPhoneSimulator.ActiveCfg = Release|iPhoneSimulator
		{943A3D79-7332-43BB-9DD5-73AEFEDCC8C6}.Release|iPhoneSimulator.Build.0 = Release|iPhoneSimulator
		{4FCB5779-DBFC-4D57-A045-C3C6B810D093}.Debug|Any CPU.ActiveCfg = Debug|Any CPU
		{4FCB5779-DBFC-4D57-A045-C3C6B810D093}.Debug|Any CPU.Build.0 = Debug|Any CPU
		{4FCB5779-DBFC-4D57-A045-C3C6B810D093}.Debug|iPhone.ActiveCfg = Debug|Any CPU
		{4FCB5779-DBFC-4D57-A045-C3C6B810D093}.Debug|iPhone.Build.0 = Debug|Any CPU
		{4FCB5779-DBFC-4D57-A045-C3C6B810D093}.Debug|iPhoneSimulator.ActiveCfg = Debug|Any CPU
		{4FCB5779-DBFC-4D57-A045-C3C6B810D093}.Debug|iPhoneSimulator.Build.0 = Debug|Any CPU
		{4FCB5779-DBFC-4D57-A045-C3C6B810D093}.Release|Any CPU.ActiveCfg = Release|Any CPU
		{4FCB5779-DBFC-4D57-A045-C3C6B810D093}.Release|Any CPU.Build.0 = Release|Any CPU
		{4FCB5779-DBFC-4D57-A045-C3C6B810D093}.Release|iPhone.ActiveCfg = Release|Any CPU
		{4FCB5779-DBFC-4D57-A045-C3C6B810D093}.Release|iPhone.Build.0 = Release|Any CPU
		{4FCB5779-DBFC-4D57-A045-C3C6B810D093}.Release|iPhoneSimulator.ActiveCfg = Release|Any CPU
		{4FCB5779-DBFC-4D57-A045-C3C6B810D093}.Release|iPhoneSimulator.Build.0 = Release|Any CPU
		{C00D166E-E5C6-43BE-BEE1-DE22DFD3992A}.Debug|Any CPU.ActiveCfg = Debug|Any CPU
		{C00D166E-E5C6-43BE-BEE1-DE22DFD3992A}.Debug|Any CPU.Build.0 = Debug|Any CPU
		{C00D166E-E5C6-43BE-BEE1-DE22DFD3992A}.Debug|Any CPU.Deploy.0 = Debug|Any CPU
		{C00D166E-E5C6-43BE-BEE1-DE22DFD3992A}.Debug|iPhone.ActiveCfg = Debug|Any CPU
		{C00D166E-E5C6-43BE-BEE1-DE22DFD3992A}.Debug|iPhone.Build.0 = Debug|Any CPU
		{C00D166E-E5C6-43BE-BEE1-DE22DFD3992A}.Debug|iPhone.Deploy.0 = Debug|Any CPU
		{C00D166E-E5C6-43BE-BEE1-DE22DFD3992A}.Debug|iPhoneSimulator.ActiveCfg = Debug|Any CPU
		{C00D166E-E5C6-43BE-BEE1-DE22DFD3992A}.Debug|iPhoneSimulator.Build.0 = Debug|Any CPU
		{C00D166E-E5C6-43BE-BEE1-DE22DFD3992A}.Debug|iPhoneSimulator.Deploy.0 = Debug|Any CPU
		{C00D166E-E5C6-43BE-BEE1-DE22DFD3992A}.Release|Any CPU.ActiveCfg = Release|Any CPU
		{C00D166E-E5C6-43BE-BEE1-DE22DFD3992A}.Release|Any CPU.Build.0 = Release|Any CPU
		{C00D166E-E5C6-43BE-BEE1-DE22DFD3992A}.Release|Any CPU.Deploy.0 = Release|Any CPU
		{C00D166E-E5C6-43BE-BEE1-DE22DFD3992A}.Release|iPhone.ActiveCfg = Release|Any CPU
		{C00D166E-E5C6-43BE-BEE1-DE22DFD3992A}.Release|iPhone.Build.0 = Release|Any CPU
		{C00D166E-E5C6-43BE-BEE1-DE22DFD3992A}.Release|iPhone.Deploy.0 = Release|Any CPU
		{C00D166E-E5C6-43BE-BEE1-DE22DFD3992A}.Release|iPhoneSimulator.ActiveCfg = Release|Any CPU
		{C00D166E-E5C6-43BE-BEE1-DE22DFD3992A}.Release|iPhoneSimulator.Build.0 = Release|Any CPU
		{C00D166E-E5C6-43BE-BEE1-DE22DFD3992A}.Release|iPhoneSimulator.Deploy.0 = Release|Any CPU
		{530F180F-F0E4-4FC9-8D08-7BF77E0B6B5C}.Debug|Any CPU.ActiveCfg = Debug|iPhoneSimulator
		{530F180F-F0E4-4FC9-8D08-7BF77E0B6B5C}.Debug|Any CPU.Build.0 = Debug|iPhoneSimulator
		{530F180F-F0E4-4FC9-8D08-7BF77E0B6B5C}.Debug|iPhone.ActiveCfg = Debug|iPhone
		{530F180F-F0E4-4FC9-8D08-7BF77E0B6B5C}.Debug|iPhone.Build.0 = Debug|iPhone
		{530F180F-F0E4-4FC9-8D08-7BF77E0B6B5C}.Debug|iPhoneSimulator.ActiveCfg = Debug|iPhoneSimulator
		{530F180F-F0E4-4FC9-8D08-7BF77E0B6B5C}.Debug|iPhoneSimulator.Build.0 = Debug|iPhoneSimulator
		{530F180F-F0E4-4FC9-8D08-7BF77E0B6B5C}.Release|Any CPU.ActiveCfg = Release|iPhoneSimulator
		{530F180F-F0E4-4FC9-8D08-7BF77E0B6B5C}.Release|Any CPU.Build.0 = Release|iPhoneSimulator
		{530F180F-F0E4-4FC9-8D08-7BF77E0B6B5C}.Release|iPhone.ActiveCfg = Release|iPhone
		{530F180F-F0E4-4FC9-8D08-7BF77E0B6B5C}.Release|iPhone.Build.0 = Release|iPhone
		{530F180F-F0E4-4FC9-8D08-7BF77E0B6B5C}.Release|iPhoneSimulator.ActiveCfg = Release|iPhoneSimulator
		{530F180F-F0E4-4FC9-8D08-7BF77E0B6B5C}.Release|iPhoneSimulator.Build.0 = Release|iPhoneSimulator
		{96E9EEE3-B94F-4CA6-A80E-CB76650F4D10}.Debug|Any CPU.ActiveCfg = Debug|Any CPU
		{96E9EEE3-B94F-4CA6-A80E-CB76650F4D10}.Debug|Any CPU.Build.0 = Debug|Any CPU
		{96E9EEE3-B94F-4CA6-A80E-CB76650F4D10}.Debug|iPhone.ActiveCfg = Debug|Any CPU
		{96E9EEE3-B94F-4CA6-A80E-CB76650F4D10}.Debug|iPhone.Build.0 = Debug|Any CPU
		{96E9EEE3-B94F-4CA6-A80E-CB76650F4D10}.Debug|iPhoneSimulator.ActiveCfg = Debug|Any CPU
		{96E9EEE3-B94F-4CA6-A80E-CB76650F4D10}.Debug|iPhoneSimulator.Build.0 = Debug|Any CPU
		{96E9EEE3-B94F-4CA6-A80E-CB76650F4D10}.Release|Any CPU.ActiveCfg = Release|Any CPU
		{96E9EEE3-B94F-4CA6-A80E-CB76650F4D10}.Release|Any CPU.Build.0 = Release|Any CPU
		{96E9EEE3-B94F-4CA6-A80E-CB76650F4D10}.Release|iPhone.ActiveCfg = Release|Any CPU
		{96E9EEE3-B94F-4CA6-A80E-CB76650F4D10}.Release|iPhone.Build.0 = Release|Any CPU
		{96E9EEE3-B94F-4CA6-A80E-CB76650F4D10}.Release|iPhoneSimulator.ActiveCfg = Release|Any CPU
		{96E9EEE3-B94F-4CA6-A80E-CB76650F4D10}.Release|iPhoneSimulator.Build.0 = Release|Any CPU
	EndGlobalSection
	GlobalSection(SolutionProperties) = preSolution
		HideSolutionNode = FALSE
	EndGlobalSection
	GlobalSection(NestedProjects) = preSolution
		{F7AEE412-2CD5-47A9-B2E1-6E6D60F137AE} = {15330E6D-2229-4C04-AFDB-BAA8A4D41410}
		{262188B9-8CE8-4336-9506-F44789D8608F} = {4DA286C9-104A-42D4-8B49-08E5D292DBCC}
		{85596E72-63E0-4BFE-8A18-244840B7D971} = {4DA286C9-104A-42D4-8B49-08E5D292DBCC}
		{F2474EE4-016A-4B9E-B9C0-2F6EEDF15AE1} = {15330E6D-2229-4C04-AFDB-BAA8A4D41410}
		{656C9CF7-B633-4856-B4CC-9B138B5FD50E} = {7B6D454D-60B1-4062-82D5-2BA8FD0F6B6F}
		{4F4600A8-B7EA-40D3-9A31-9B753B304DF7} = {835D7783-207E-4DAF-B9EA-FF5D0330E9B0}
		{39748D28-DBE3-4C15-9740-1E61D47A30C7} = {835D7783-207E-4DAF-B9EA-FF5D0330E9B0}
		{DC151CD5-2075-4C8D-92D6-69FE79B9807C} = {39748D28-DBE3-4C15-9740-1E61D47A30C7}
		{943A3D79-7332-43BB-9DD5-73AEFEDCC8C6} = {39748D28-DBE3-4C15-9740-1E61D47A30C7}
		{4FCB5779-DBFC-4D57-A045-C3C6B810D093} = {39748D28-DBE3-4C15-9740-1E61D47A30C7}
		{C00D166E-E5C6-43BE-BEE1-DE22DFD3992A} = {14A3AF9D-1CBD-4484-AE87-D45D7D813194}
		{530F180F-F0E4-4FC9-8D08-7BF77E0B6B5C} = {14A3AF9D-1CBD-4484-AE87-D45D7D813194}
		{96E9EEE3-B94F-4CA6-A80E-CB76650F4D10} = {14A3AF9D-1CBD-4484-AE87-D45D7D813194}
	EndGlobalSection
	GlobalSection(ExtensibilityGlobals) = postSolution
		SolutionGuid = {17A3F4AA-D8BA-4BB8-A0B8-D38EE34F07F1}
	EndGlobalSection
EndGlobal
